dependencies:
- name: theia-cloud
  repository: oci://ghcr.io/eduide/charts
  version: 1.4.0-next.4
- name: theia-certificates
  repository: file://../theia-certificates
  version: 0.1.0
- name: theia-appdefinitions
  repository: file://../theia-appdefinitions
  version: 0.1.0
- name: theia-workspace-garbage-collector
  repository: oci://ghcr.io/eduide/charts
  version: 0.1.0
- name: theia-shared-cache
  repository: oci://ghcr.io/eduide/charts
  version: 0.3.1
digest: sha256:6e4a40b1d37da98b940d589f9857e05ffdefaa34409bb852340189d663e33b83
generated: "2026-04-20T12:19:26.108265+02:00"
