dependencies:
- name: theia-cloud
  repository: oci://ghcr.io/eduide/charts
  version: 1.4.0-next.7
- name: theia-certificates
  repository: file://../theia-certificates
  version: 0.1.0
- name: theia-appdefinitions
  repository: file://../theia-appdefinitions
  version: 0.1.0
- name: theia-workspace-garbage-collector
  repository: oci://ghcr.io/eduide/charts
  version: 0.1.0
- name: theia-shared-cache
  repository: file://../theia-shared-cache-minio
  version: 0.2.2
digest: sha256:95a375c1e66fef91a5585b47456639b8f3ab3638e890c48547dcd41c079ebaf2
generated: "2026-06-16T16:53:06.532203+02:00"
