dependencies:
- name: theia-cloud
  repository: oci://ghcr.io/eduide/charts
  version: 1.4.0-next.7
- name: theia-certificates
  repository: file://../theia-certificates
  version: 0.1.0
- name: theia-appdefinitions
  repository: file://../theia-appdefinitions
  version: 0.1.0
- name: theia-workspace-garbage-collector
  repository: oci://ghcr.io/eduide/charts
  version: 0.1.0
- name: eduide-shared-cache
  repository: oci://ghcr.io/eduide/charts
  version: 0.5.3
digest: sha256:d29a1a92063bae03b4506c6b27f305aac77fa33120d9991ffb952007a6f0f6ee
generated: "2026-08-18T16:55:18.480518+02:00"
